
Microsoft Visual Studio Solution File, Format Version 12.00
# Visual Studio Version 16
VisualStudioVersion = 16.0.32106.194
MinimumVisualStudioVersion = 10.0.40219.1
Project("{FAE04EC0-301F-11D3-BF4B-00C04F79EFBC}") = "ClassAssignment.cs", "ClassAssignment.cs\ClassAssignment.cs.csproj", "{386B54E4-CCF8-4DC5-B7D2-512EECDED44B}"
EndProject
Global
	GlobalSection(SolutionConfigurationPlatforms) = preSolution
		Debug|Any CPU = Debug|Any CPU
		Release|Any CPU = Release|Any CPU
	EndGlobalSection
	GlobalSection(ProjectConfigurationPlatforms) = postSolution
		{386B54E4-CCF8-4DC5-B7D2-512EECDED44B}.Debug|Any CPU.ActiveCfg = Debug|Any CPU
		{386B54E4-CCF8-4DC5-B7D2-512EECDED44B}.Debug|Any CPU.Build.0 = Debug|Any CPU
		{386B54E4-CCF8-4DC5-B7D2-512EECDED44B}.Release|Any CPU.ActiveCfg = Release|Any CPU
		{386B54E4-CCF8-4DC5-B7D2-512EECDED44B}.Release|Any CPU.Build.0 = Release|Any CPU
	EndGlobalSection
	GlobalSection(SolutionProperties) = preSolution
		HideSolutionNode = FALSE
	EndGlobalSection
	GlobalSection(ExtensibilityGlobals) = postSolution
		SolutionGuid = {CB9597B1-6324-4487-8717-C2032D004DC5}
	EndGlobalSection
EndGlobal
