
Microsoft Visual Studio Solution File, Format Version 12.00
# Visual Studio Version 16
VisualStudioVersion = 16.0.32106.194
MinimumVisualStudioVersion = 10.0.40219.1
Project("{FAE04EC0-301F-11D3-BF4B-00C04F79EFBC}") = "CarInsurance.cs", "CarInsurance.cs\CarInsurance.cs.csproj", "{AEE7701D-55D5-4E46-8E52-28EB74A16E7D}"
EndProject
Global
	GlobalSection(SolutionConfigurationPlatforms) = preSolution
		Debug|Any CPU = Debug|Any CPU
		Release|Any CPU = Release|Any CPU
	EndGlobalSection
	GlobalSection(ProjectConfigurationPlatforms) = postSolution
		{AEE7701D-55D5-4E46-8E52-28EB74A16E7D}.Debug|Any CPU.ActiveCfg = Debug|Any CPU
		{AEE7701D-55D5-4E46-8E52-28EB74A16E7D}.Debug|Any CPU.Build.0 = Debug|Any CPU
		{AEE7701D-55D5-4E46-8E52-28EB74A16E7D}.Release|Any CPU.ActiveCfg = Release|Any CPU
		{AEE7701D-55D5-4E46-8E52-28EB74A16E7D}.Release|Any CPU.Build.0 = Release|Any CPU
	EndGlobalSection
	GlobalSection(SolutionProperties) = preSolution
		HideSolutionNode = FALSE
	EndGlobalSection
	GlobalSection(ExtensibilityGlobals) = postSolution
		SolutionGuid = {C56A31D1-1251-4E1A-A105-E8AC4CC3A97A}
	EndGlobalSection
EndGlobal
