
Microsoft Visual Studio Solution File, Format Version 12.00
# Visual Studio Version 16
VisualStudioVersion = 16.0.32106.194
MinimumVisualStudioVersion = 10.0.40219.1
Project("{FAE04EC0-301F-11D3-BF4B-00C04F79EFBC}") = "MathComparisonAssignment.cs", "MathComparisonAssignment.cs\MathComparisonAssignment.cs.csproj", "{C192B32A-BEF1-49B4-8E61-47AAA363C843}"
EndProject
Global
	GlobalSection(SolutionConfigurationPlatforms) = preSolution
		Debug|Any CPU = Debug|Any CPU
		Release|Any CPU = Release|Any CPU
	EndGlobalSection
	GlobalSection(ProjectConfigurationPlatforms) = postSolution
		{C192B32A-BEF1-49B4-8E61-47AAA363C843}.Debug|Any CPU.ActiveCfg = Debug|Any CPU
		{C192B32A-BEF1-49B4-8E61-47AAA363C843}.Debug|Any CPU.Build.0 = Debug|Any CPU
		{C192B32A-BEF1-49B4-8E61-47AAA363C843}.Release|Any CPU.ActiveCfg = Release|Any CPU
		{C192B32A-BEF1-49B4-8E61-47AAA363C843}.Release|Any CPU.Build.0 = Release|Any CPU
	EndGlobalSection
	GlobalSection(SolutionProperties) = preSolution
		HideSolutionNode = FALSE
	EndGlobalSection
	GlobalSection(ExtensibilityGlobals) = postSolution
		SolutionGuid = {DBE9FF40-0178-42F1-85E7-4FCF67E151BF}
	EndGlobalSection
EndGlobal
